<?xml version="1.0" encoding="utf-8"?>
<Project ToolsVersion="4.0" xmlns="http://schemas.microsoft.com/developer/msbuild/2003">
  <ItemGroup>
    <Filter Include="Header Files">
      <UniqueIdentifier>{93995380-89BD-4b04-88EB-625FBE52EBFB}</UniqueIdentifier>
      <Extensions>h;hh;hpp;hxx;hm;inl;inc;xsd</Extensions>
    </Filter>
    <Filter Include="Resource Files">
      <UniqueIdentifier>{67DA6AB6-F800-4c08-8B7A-83BB121AAD01}</UniqueIdentifier>
      <Extensions>rc;ico;cur;bmp;dlg;rc2;rct;bin;rgs;gif;jpg;jpeg;jpe;resx;tiff;tif;png;wav;mfcribbon-ms</Extensions>
    </Filter>
    <Filter Include="Header Files\Graphics">
      <UniqueIdentifier>{235be801-2c61-4883-a803-c2d3fb8828b9}</UniqueIdentifier>
    </Filter>
    <Filter Include="Header Files\Graphics\Shapes">
      <UniqueIdentifier>{81579f61-160c-4a80-8ac1-eb2cacc4ece4}</UniqueIdentifier>
    </Filter>
    <Filter Include="Resource Files\Source Files">
      <UniqueIdentifier>{4FC737F1-C7A5-4376-A066-2A32D752A2FF}</UniqueIdentifier>
      <Extensions>cpp;c;cc;cxx;def;odl;idl;hpj;bat;asm;asmx</Extensions>
    </Filter>
    <Filter Include="Resource Files\Source Files\Graphics">
      <UniqueIdentifier>{f7d66be8-0555-41ff-b2a3-6659de5d6a9e}</UniqueIdentifier>
    </Filter>
    <Filter Include="Resource Files\Source Files\Graphics\Shapes">
      <UniqueIdentifier>{b8a4f0e7-14c2-4c1f-bc57-60b821ef37b9}</UniqueIdentifier>
    </Filter>
    <Filter Include="Header Files\Game">
      <UniqueIdentifier>{24f124ae-e58b-4359-8419-7ac80012c28a}</UniqueIdentifier>
    </Filter>
    <Filter Include="Header Files\Physics">
      <UniqueIdentifier>{4cbf362f-b744-4788-a9be-8923b9447680}</UniqueIdentifier>
    </Filter>
    <Filter Include="Resource Files\Source Files\Physics">
      <UniqueIdentifier>{1ac67185-034b-4635-bbda-5f89f41cc4cf}</UniqueIdentifier>
    </Filter>
    <Filter Include="Resource Files\Source Files\Game">
      <UniqueIdentifier>{3133727f-877c-402e-8c55-39e3d962a04d}</UniqueIdentifier>
    </Filter>
    <Filter Include="Header Files\Game\Observer">
      <UniqueIdentifier>{e7be7084-788a-4821-94df-8b4b9dcd51ed}</UniqueIdentifier>
    </Filter>
    <Filter Include="Resource Files\Source Files\Game\Observer">
      <UniqueIdentifier>{d8f4f3f2-916c-46fd-9c63-feb981c30211}</UniqueIdentifier>
    </Filter>
  </ItemGroup>
  <ItemGroup>
    <Text Include="ReadMe.txt" />
  </ItemGroup>
  <ItemGroup>
    <ClInclude Include="stdafx.h">
      <Filter>Header Files</Filter>
    </ClInclude>
    <ClInclude Include="targetver.h">
      <Filter>Header Files</Filter>
    </ClInclude>
    <ClInclude Include="Shape.h">
      <Filter>Header Files\Graphics\Shapes</Filter>
    </ClInclude>
    <ClInclude Include="Rectangle.h">
      <Filter>Header Files\Graphics\Shapes</Filter>
    </ClInclude>
    <ClInclude Include="Graphics.h">
      <Filter>Header Files\Graphics</Filter>
    </ClInclude>
    <ClInclude Include="Color.h">
      <Filter>Header Files\Graphics</Filter>
    </ClInclude>
    <ClInclude Include="Text.h">
      <Filter>Header Files\Graphics\Shapes</Filter>
    </ClInclude>
    <ClInclude Include="Circle.h">
      <Filter>Header Files\Graphics\Shapes</Filter>
    </ClInclude>
    <ClInclude Include="Point.h">
      <Filter>Header Files\Graphics</Filter>
    </ClInclude>
    <ClInclude Include="Engine.h">
      <Filter>Header Files</Filter>
    </ClInclude>
    <ClInclude Include="Timer.h">
      <Filter>Header Files</Filter>
    </ClInclude>
    <ClInclude Include="GameObject.h">
      <Filter>Header Files\Game</Filter>
    </ClInclude>
    <ClInclude Include="Vector.h">
      <Filter>Header Files\Physics</Filter>
    </ClInclude>
    <ClInclude Include="Ball.h">
      <Filter>Header Files\Game</Filter>
    </ClInclude>
    <ClInclude Include="Observer.h">
      <Filter>Header Files\Game\Observer</Filter>
    </ClInclude>
    <ClInclude Include="Event.h">
      <Filter>Header Files\Game\Observer</Filter>
    </ClInclude>
    <ClInclude Include="Image.h">
      <Filter>Header Files\Graphics\Shapes</Filter>
    </ClInclude>
    <ClInclude Include="ImageTexture.h">
      <Filter>Header Files\Graphics</Filter>
    </ClInclude>
    <ClInclude Include="Collidable.h">
      <Filter>Header Files\Physics</Filter>
    </ClInclude>
    <ClInclude Include="CollisionDetector.h">
      <Filter>Header Files\Physics</Filter>
    </ClInclude>
    <ClInclude Include="Line.h">
      <Filter>Header Files\Physics</Filter>
    </ClInclude>
  </ItemGroup>
  <ItemGroup>
    <ClCompile Include="stdafx.cpp">
      <Filter>Resource Files\Source Files</Filter>
    </ClCompile>
    <ClCompile Include="bricksBreaking.cpp">
      <Filter>Resource Files\Source Files</Filter>
    </ClCompile>
    <ClCompile Include="Graphics.cpp">
      <Filter>Resource Files\Source Files\Graphics</Filter>
    </ClCompile>
    <ClCompile Include="Color.cpp">
      <Filter>Resource Files\Source Files\Graphics</Filter>
    </ClCompile>
    <ClCompile Include="Shape.cpp">
      <Filter>Resource Files\Source Files\Graphics\Shapes</Filter>
    </ClCompile>
    <ClCompile Include="Rectangle.cpp">
      <Filter>Resource Files\Source Files\Graphics\Shapes</Filter>
    </ClCompile>
    <ClCompile Include="Text.cpp">
      <Filter>Resource Files\Source Files\Graphics\Shapes</Filter>
    </ClCompile>
    <ClCompile Include="Circle.cpp">
      <Filter>Resource Files\Source Files\Graphics\Shapes</Filter>
    </ClCompile>
    <ClCompile Include="Point.cpp">
      <Filter>Resource Files\Source Files\Graphics</Filter>
    </ClCompile>
    <ClCompile Include="Engine.cpp">
      <Filter>Resource Files\Source Files</Filter>
    </ClCompile>
    <ClCompile Include="Timer.cpp">
      <Filter>Resource Files\Source Files</Filter>
    </ClCompile>
    <ClCompile Include="Vector.cpp">
      <Filter>Resource Files\Source Files\Physics</Filter>
    </ClCompile>
    <ClCompile Include="GameObject.cpp">
      <Filter>Resource Files\Source Files\Game</Filter>
    </ClCompile>
    <ClCompile Include="Ball.cpp">
      <Filter>Resource Files\Source Files\Game</Filter>
    </ClCompile>
    <ClCompile Include="Image.cpp">
      <Filter>Resource Files\Source Files\Graphics\Shapes</Filter>
    </ClCompile>
    <ClCompile Include="ImageTexture.cpp">
      <Filter>Resource Files\Source Files\Graphics</Filter>
    </ClCompile>
    <ClCompile Include="Collidable.cpp">
      <Filter>Resource Files\Source Files\Physics</Filter>
    </ClCompile>
    <ClCompile Include="Line.cpp">
      <Filter>Resource Files\Source Files\Physics</Filter>
    </ClCompile>
    <ClCompile Include="Observer.cpp">
      <Filter>Resource Files\Source Files\Game\Observer</Filter>
    </ClCompile>
  </ItemGroup>
</Project>